
Microsoft Visual Studio Solution File, Format Version 12.00
# Visual Studio Version 17
VisualStudioVersion = 17.9.34622.214
MinimumVisualStudioVersion = 10.0.40219.1
Project("{F184B08F-C81C-45F6-A57F-5ABD9991F28F}") = "VelocityHub", "VelocityHub\VelocityHub.vbproj", "{1BBEFA89-4A1C-4188-AD02-6AA88C5E6D52}"
EndProject
Global
	GlobalSection(SolutionConfigurationPlatforms) = preSolution
		Debug|Any CPU = Debug|Any CPU
		Release|Any CPU = Release|Any CPU
	EndGlobalSection
	GlobalSection(ProjectConfigurationPlatforms) = postSolution
		{1BBEFA89-4A1C-4188-AD02-6AA88C5E6D52}.Debug|Any CPU.ActiveCfg = Debug|Any CPU
		{1BBEFA89-4A1C-4188-AD02-6AA88C5E6D52}.Debug|Any CPU.Build.0 = Debug|Any CPU
		{1BBEFA89-4A1C-4188-AD02-6AA88C5E6D52}.Release|Any CPU.ActiveCfg = Release|Any CPU
		{1BBEFA89-4A1C-4188-AD02-6AA88C5E6D52}.Release|Any CPU.Build.0 = Release|Any CPU
	EndGlobalSection
	GlobalSection(SolutionProperties) = preSolution
		HideSolutionNode = FALSE
	EndGlobalSection
	GlobalSection(ExtensibilityGlobals) = postSolution
		SolutionGuid = {DB6367C9-FF44-456E-AAC6-B601DDD7C472}
	EndGlobalSection
EndGlobal
